
Microsoft Visual Studio Solution File, Format Version 12.00
# Visual Studio Version 16
VisualStudioVersion = 16.0.30406.217
MinimumVisualStudioVersion = 10.0.40219.1
Project("{FAE04EC0-301F-11D3-BF4B-00C04F79EFBC}") = "WebApp", "WebApp\WebApp.csproj", "{0ACBA9E6-DD31-4FCF-BBE4-19752344CCF4}"
EndProject
Global
	GlobalSection(SolutionConfigurationPlatforms) = preSolution
		Debug|Any CPU = Debug|Any CPU
		Release|Any CPU = Release|Any CPU
	EndGlobalSection
	GlobalSection(ProjectConfigurationPlatforms) = postSolution
		{0ACBA9E6-DD31-4FCF-BBE4-19752344CCF4}.Debug|Any CPU.ActiveCfg = Debug|Any CPU
		{0ACBA9E6-DD31-4FCF-BBE4-19752344CCF4}.Debug|Any CPU.Build.0 = Debug|Any CPU
		{0ACBA9E6-DD31-4FCF-BBE4-19752344CCF4}.Release|Any CPU.ActiveCfg = Release|Any CPU
		{0ACBA9E6-DD31-4FCF-BBE4-19752344CCF4}.Release|Any CPU.Build.0 = Release|Any CPU
	EndGlobalSection
	GlobalSection(SolutionProperties) = preSolution
		HideSolutionNode = FALSE
	EndGlobalSection
	GlobalSection(ExtensibilityGlobals) = postSolution
		SolutionGuid = {BE585E5B-2DC6-420B-813D-1DF1DB672818}
	EndGlobalSection
EndGlobal
